{
  "version": "2",
  "remote": {
    "https://deno.land/std@0.195.0/_util/diff.ts": "1a3c044aedf77647d6cac86b798c6417603361b66b54c53331b312caeb447aea",
    "https://deno.land/std@0.195.0/assert/_constants.ts": "8a9da298c26750b28b326b297316cdde860bc237533b07e1337c021379e6b2a9",
    "https://deno.land/std@0.195.0/assert/_format.ts": "a69126e8a469009adf4cf2a50af889aca364c349797e63174884a52ff75cf4c7",
    "https://deno.land/std@0.195.0/assert/assert.ts": "9a97dad6d98c238938e7540736b826440ad8c1c1e54430ca4c4e623e585607ee",
    "https://deno.land/std@0.195.0/assert/assert_almost_equals.ts": "e15ca1f34d0d5e0afae63b3f5d975cbd18335a132e42b0c747d282f62ad2cd6c",
    "https://deno.land/std@0.195.0/assert/assert_array_includes.ts": "6856d7f2c3544bc6e62fb4646dfefa3d1df5ff14744d1bca19f0cbaf3b0d66c9",
    "https://deno.land/std@0.195.0/assert/assert_equals.ts": "a0ee60574e437bcab2dcb79af9d48dc88845f8fd559468d9c21b15fd638ef943",
    "https://deno.land/std@0.195.0/assert/assert_exists.ts": "407cb6b9fb23a835cd8d5ad804e2e2edbbbf3870e322d53f79e1c7a512e2efd7",
    "https://deno.land/std@0.195.0/assert/assert_false.ts": "a9962749f4bf5844e3fa494257f1de73d69e4fe0e82c34d0099287552163a2dc",
    "https://deno.land/std@0.195.0/assert/assert_instance_of.ts": "09fd297352a5b5bbb16da2b5e1a0d8c6c44da5447772648622dcc7df7af1ddb8",
    "https://deno.land/std@0.195.0/assert/assert_is_error.ts": "b4eae4e5d182272efc172bf28e2e30b86bb1650cd88aea059e5d2586d4160fb9",
    "https://deno.land/std@0.195.0/assert/assert_match.ts": "c4083f80600bc190309903c95e397a7c9257ff8b5ae5c7ef91e834704e672e9b",
    "https://deno.land/std@0.195.0/assert/assert_not_equals.ts": "9f1acab95bd1f5fc9a1b17b8027d894509a745d91bac1718fdab51dc76831754",
    "https://deno.land/std@0.195.0/assert/assert_not_instance_of.ts": "0c14d3dfd9ab7a5276ed8ed0b18c703d79a3d106102077ec437bfe7ed912bd22",
    "https://deno.land/std@0.195.0/assert/assert_not_match.ts": "3796a5b0c57a1ce6c1c57883dd4286be13a26f715ea662318ab43a8491a13ab0",
    "https://deno.land/std@0.195.0/assert/assert_not_strict_equals.ts": "ca6c6d645e95fbc873d25320efeb8c4c6089a9a5e09f92d7c1c4b6e935c2a6ad",
    "https://deno.land/std@0.195.0/assert/assert_object_match.ts": "27439c4f41dce099317566144299468ca822f556f1cc697f4dc8ed61fe9fee4c",
    "https://deno.land/std@0.195.0/assert/assert_rejects.ts": "45c59724de2701e3b1f67c391d6c71c392363635aad3f68a1b3408f9efca0057",
    "https://deno.land/std@0.195.0/assert/assert_strict_equals.ts": "5cf29b38b3f8dece95287325723272aa04e04dbf158d886d662fa594fddc9ed3",
    "https://deno.land/std@0.195.0/assert/assert_string_includes.ts": "b821d39ebf5cb0200a348863c86d8c4c4b398e02012ce74ad15666fc4b631b0c",
    "https://deno.land/std@0.195.0/assert/assert_throws.ts": "63784e951475cb7bdfd59878cd25a0931e18f6dc32a6077c454b2cd94f4f4bcd",
    "https://deno.land/std@0.195.0/assert/assertion_error.ts": "4d0bde9b374dfbcbe8ac23f54f567b77024fb67dbb1906a852d67fe050d42f56",
    "https://deno.land/std@0.195.0/assert/equal.ts": "9f1a46d5993966d2596c44e5858eec821859b45f783a5ee2f7a695dfc12d8ece",
    "https://deno.land/std@0.195.0/assert/fail.ts": "c36353d7ae6e1f7933d45f8ea51e358c8c4b67d7e7502028598fe1fea062e278",
    "https://deno.land/std@0.195.0/assert/mod.ts": "08d55a652c22c5da0215054b21085cec25a5da47ce4a6f9de7d9ad36df35bdee",
    "https://deno.land/std@0.195.0/assert/unimplemented.ts": "d56fbeecb1f108331a380f72e3e010a1f161baa6956fd0f7cf3e095ae1a4c75a",
    "https://deno.land/std@0.195.0/assert/unreachable.ts": "4600dc0baf7d9c15a7f7d234f00c23bca8f3eba8b140286aaca7aa998cf9a536",
    "https://deno.land/std@0.195.0/async/delay.ts": "a6142eb44cdd856b645086af2b811b1fcce08ec06bb7d50969e6a872ee9b8659",
    "https://deno.land/std@0.195.0/fmt/colors.ts": "a7eecffdf3d1d54db890723b303847b6e0a1ab4b528ba6958b8f2e754cf1b3bc",
    "https://deno.land/std@0.195.0/testing/_test_suite.ts": "30f018feeb3835f12ab198d8a518f9089b1bcb2e8c838a8b615ab10d5005465c",
    "https://deno.land/std@0.195.0/testing/bdd.ts": "3f446df5ef8e856a869e8eec54c8482590415741ff0b6358a00c43486cc15769",
    "https://esm.sh/v129/@wwa/rollup-plugin-terser@1.0.1/denonext/rollup-plugin-terser.bundle.mjs": "56532d49d98daf6b3dc1b2684dd6e14227b9e610eb838a491a69e51dadb1075a",
    "https://esm.sh/v129/@wwa/rollup-plugin-terser@1.0.1?bundle": "2e6d2c3bb84a52a2aa375aaafb177645de2a661da23486360e58a5ee8a449c5b",
    "https://esm.sh/v129/fetch-mock@9.11.0/denonext/esm/client.bundle.js": "733d96fab847969631d5c5cc1173bbca7824d3dc1e918e6697ba78a32c4e215c",
    "https://esm.sh/v129/fetch-mock@9.11.0/esm/client.js?target=denonext&bundle": "aa23b0ec36a5959ae157930a8dff7c407961c3dccaa4812333a09c0adc247f4e",
    "https://unpkg.com/compression-streams-polyfill@0.1.4/umd/index.js": "a1eb7c3f6d919886b80d3f97034fd2af50b9e8c40b20fcbda738c0197895c48b"
  },
  "npm": {
    "specifiers": {
      "@happy-dom/global-registrator@10.5.2": "@happy-dom/global-registrator@10.5.2",
      "rollup-plugin-swc3@0.9.1": "rollup-plugin-swc3@0.9.1_@swc+core@1.3.70_rollup@3.26.3",
      "rollup@3.26.3": "rollup@3.26.3"
    },
    "packages": {
      "@fastify/deepmerge@1.3.0": {
        "integrity": "sha512-J8TOSBq3SoZbDhM9+R/u77hP93gz/rajSA+K2kGyijPpORPWUXHUpTaleoj+92As0S9uPRP7Oi8IqMf0u+ro6A==",
        "dependencies": {}
      },
      "@happy-dom/global-registrator@10.5.2": {
        "integrity": "sha512-CFdAfCKPowJt+7VukGxXgq8SOt5R5XUYDRUfSt8jha9hUlIkKlKHfsswDg9Q5Q9mYAfHfp85Siz87Gn/sT06Vg==",
        "dependencies": {
          "happy-dom": "happy-dom@10.5.2"
        }
      },
      "@napi-rs/magic-string-android-arm-eabi@0.3.4": {
        "integrity": "sha512-sszAYxqtzzJ4FDerDNHcqL9NhqPhj8W4DNiOanXYy50mA5oojlRtaAFPiB5ZMrWDBM32v5Q30LrmxQ4eTtu2Dg==",
        "dependencies": {}
      },
      "@napi-rs/magic-string-android-arm64@0.3.4": {
        "integrity": "sha512-jdQ6HuO0X5rkX4MauTcWR4HWdgjakTOmmzqXg8L26+jOHVVG1LZE+Su5qvV4bP8vMb2h+vPE+JsnwqSmWymu3Q==",
        "dependencies": {}
      },
      "@napi-rs/magic-string-darwin-arm64@0.3.4": {
        "integrity": "sha512-6NmMtvURce9/oq09XBZmuIeI6lPLGtEJ2ZPO/QzL3nLZa6wygiCnO/sFACKYNg5/73ET5HMMTeuogE1JI+r2Lw==",
        "dependencies": {}
      },
      "@napi-rs/magic-string-darwin-x64@0.3.4": {
        "integrity": "sha512-f9LmfMiUAKDOtl0meOuLYeVb6OERrgGzrTg1Tn3R3fTAShM2kxRbfAuPE9ljuXxIFzOv/uqRNLSl/LqCJwpREA==",
        "dependencies": {}
      },
      "@napi-rs/magic-string-freebsd-x64@0.3.4": {
        "integrity": "sha512-rqduQ4odiDK4QdM45xHWRTU4wtFIfpp8g8QGpz+3qqg7ivldDqbbNOrBaf6Oeu77uuEvWggnkyuChotfKgJdJQ==",
        "dependencies": {}
      },
      "@napi-rs/magic-string-linux-arm-gnueabihf@0.3.4": {
        "integrity": "sha512-pVaJEdEpiPqIfq3M4+yMAATS7Z9muDcWYn8H7GFH1ygh8GwgLgKfy/n/lG2M6zp18Mwd0x7E2E/qg9GgCyUzoQ==",
        "dependencies": {}
      },
      "@napi-rs/magic-string-linux-arm64-gnu@0.3.4": {
        "integrity": "sha512-9FwoAih/0tzEZx0BjYYIxWkSRMjonIn91RFM3q3MBs/evmThXUYXUqLNa1PPIkK1JoksswtDi48qWWLt8nGflQ==",
        "dependencies": {}
      },
      "@napi-rs/magic-string-linux-arm64-musl@0.3.4": {
        "integrity": "sha512-wCR7R+WPOcAKmVQc1s6h6HwfwW1vL9pM8BjUY9Ljkdb8wt1LmZEmV2Sgfc1SfbRQzbyl+pKeufP6adRRQVzYDA==",
        "dependencies": {}
      },
      "@napi-rs/magic-string-linux-x64-gnu@0.3.4": {
        "integrity": "sha512-sbxFDpYnt5WFbxQ1xozwOvh5A7IftqSI0WnE9O7KsQIOi0ej2dvFbfOW4tmFkvH/YP8KJELo5AhP2+kEq1DpYA==",
        "dependencies": {}
      },
      "@napi-rs/magic-string-linux-x64-musl@0.3.4": {
        "integrity": "sha512-jN4h/7e2Ul8v3UK5IZu38NXLMdzVWhY4uEDlnwuUAhwRh26wBQ1/pLD97Uy/Z3dFNBQPcsv60XS9fOM1YDNT6w==",
        "dependencies": {}
      },
      "@napi-rs/magic-string-win32-arm64-msvc@0.3.4": {
        "integrity": "sha512-gMUyTRHLWpzX2ntJFCbW2Gnla9Y/WUmbkZuW5SBAo/Jo8QojHn76Y4PNgnoXdzcsV9b/45RBxurYKAfFg9WTyg==",
        "dependencies": {}
      },
      "@napi-rs/magic-string-win32-ia32-msvc@0.3.4": {
        "integrity": "sha512-QIMauMOvEHgL00K9np/c9CT/CRtLOz3mRTQqcZ9XGzSoAMrpxH71KSpDJrKl7h7Ro6TZ+hJ0C3T+JVuTCZNv4A==",
        "dependencies": {}
      },
      "@napi-rs/magic-string-win32-x64-msvc@0.3.4": {
        "integrity": "sha512-V8FMSf828MzOI3P6/765MR7zHU6CUZqiyPhmAnwYoKFNxfv7oCviN/G6NcENeCdcYOvNgh5fYzaNLB96ndId5A==",
        "dependencies": {}
      },
      "@napi-rs/magic-string@0.3.4": {
        "integrity": "sha512-DEWl/B99RQsyMT3F9bvrXuhL01/eIQp/dtNSE3G1jQ4mTGRcP4iHWxoPZ577WrbjUinrNgvRA5+08g8fkPgimQ==",
        "dependencies": {
          "@napi-rs/magic-string-android-arm-eabi": "@napi-rs/magic-string-android-arm-eabi@0.3.4",
          "@napi-rs/magic-string-android-arm64": "@napi-rs/magic-string-android-arm64@0.3.4",
          "@napi-rs/magic-string-darwin-arm64": "@napi-rs/magic-string-darwin-arm64@0.3.4",
          "@napi-rs/magic-string-darwin-x64": "@napi-rs/magic-string-darwin-x64@0.3.4",
          "@napi-rs/magic-string-freebsd-x64": "@napi-rs/magic-string-freebsd-x64@0.3.4",
          "@napi-rs/magic-string-linux-arm-gnueabihf": "@napi-rs/magic-string-linux-arm-gnueabihf@0.3.4",
          "@napi-rs/magic-string-linux-arm64-gnu": "@napi-rs/magic-string-linux-arm64-gnu@0.3.4",
          "@napi-rs/magic-string-linux-arm64-musl": "@napi-rs/magic-string-linux-arm64-musl@0.3.4",
          "@napi-rs/magic-string-linux-x64-gnu": "@napi-rs/magic-string-linux-x64-gnu@0.3.4",
          "@napi-rs/magic-string-linux-x64-musl": "@napi-rs/magic-string-linux-x64-musl@0.3.4",
          "@napi-rs/magic-string-win32-arm64-msvc": "@napi-rs/magic-string-win32-arm64-msvc@0.3.4",
          "@napi-rs/magic-string-win32-ia32-msvc": "@napi-rs/magic-string-win32-ia32-msvc@0.3.4",
          "@napi-rs/magic-string-win32-x64-msvc": "@napi-rs/magic-string-win32-x64-msvc@0.3.4"
        }
      },
      "@rollup/pluginutils@4.2.1": {
        "integrity": "sha512-iKnFXr7NkdZAIHiIWE+BX5ULi/ucVFYWD6TbAV+rZctiRTY2PL6tsIKhoIOaoskiWAkgu+VsbXgUVDNLHf+InQ==",
        "dependencies": {
          "estree-walker": "estree-walker@2.0.2",
          "picomatch": "picomatch@2.3.1"
        }
      },
      "@swc/core-darwin-arm64@1.3.70": {
        "integrity": "sha512-31+mcl0dgdRHvZRjhLOK9V6B+qJ7nxDZYINr9pBlqGWxknz37Vld5KK19Kpr79r0dXUZvaaelLjCnJk9dA2PcQ==",
        "dependencies": {}
      },
      "@swc/core-darwin-x64@1.3.70": {
        "integrity": "sha512-GMFJ65E18zQC80t0os+TZvI+8lbRuitncWVge/RXmXbVLPRcdykP4EJ87cqzcG5Ah0z18/E0T+ixD6jHRisrYQ==",
        "dependencies": {}
      },
      "@swc/core-linux-arm-gnueabihf@1.3.70": {
        "integrity": "sha512-wjhCwS8LCiAq2VedF1b4Bryyw68xZnfMED4pLRazAl8BaUlDFANfRBORNunxlfHQj4V3x39IaiLgCZRHMdzXBg==",
        "dependencies": {}
      },
      "@swc/core-linux-arm64-gnu@1.3.70": {
        "integrity": "sha512-9D/Rx67cAOnMiexvCqARxvhj7coRajTp5HlJHuf+rfwMqI2hLhpO9/pBMQxBUAWxODO/ksQ/OF+GJRjmtWw/2A==",
        "dependencies": {}
      },
      "@swc/core-linux-arm64-musl@1.3.70": {
        "integrity": "sha512-gkjxBio7XD+1GlQVVyPP/qeFkLu83VhRHXaUrkNYpr5UZG9zZurBERT9nkS6Y+ouYh+Q9xmw57aIyd2KvD2zqQ==",
        "dependencies": {}
      },
      "@swc/core-linux-x64-gnu@1.3.70": {
        "integrity": "sha512-/nCly+V4xfMVwfEUoLLAukxUSot/RcSzsf6GdsGTjFcrp5sZIntAjokYRytm3VT1c2TK321AfBorsi9R5w8Y7Q==",
        "dependencies": {}
      },
      "@swc/core-linux-x64-musl@1.3.70": {
        "integrity": "sha512-HoOsPJbt361KGKaivAK0qIiYARkhzlxeAfvF5NlnKxkIMOZpQ46Lwj3tR0VWohKbrhS+cYKFlVuDi5XnDkx0XA==",
        "dependencies": {}
      },
      "@swc/core-win32-arm64-msvc@1.3.70": {
        "integrity": "sha512-hm4IBK/IaRil+aj1cWU6f0GyAdHpw/Jr5nyFYLM2c/tt7w2t5hgb8NjzM2iM84lOClrig1fG6edj2vCF1dFzNQ==",
        "dependencies": {}
      },
      "@swc/core-win32-ia32-msvc@1.3.70": {
        "integrity": "sha512-5cgKUKIT/9Fp5fCA+zIjYCQ4dSvjFYOeWGZR3QiTXGkC4bGa1Ji9SEPyeIAX0iruUnKjYaZB9RvHK2tNn7RLrQ==",
        "dependencies": {}
      },
      "@swc/core-win32-x64-msvc@1.3.70": {
        "integrity": "sha512-LE8lW46+TQBzVkn2mHBlk8DIElPIZ2dO5P8AbJiARNBAnlqQWu67l9gWM89UiZ2l33J2cI37pHzON3tKnT8f9g==",
        "dependencies": {}
      },
      "@swc/core@1.3.70": {
        "integrity": "sha512-LWVWlEDLlOD25PvA2NEz41UzdwXnlDyBiZbe69s3zM0DfCPwZXLUm79uSqH9ItsOjTrXSL5/1+XUL6C/BZwChA==",
        "dependencies": {
          "@swc/core-darwin-arm64": "@swc/core-darwin-arm64@1.3.70",
          "@swc/core-darwin-x64": "@swc/core-darwin-x64@1.3.70",
          "@swc/core-linux-arm-gnueabihf": "@swc/core-linux-arm-gnueabihf@1.3.70",
          "@swc/core-linux-arm64-gnu": "@swc/core-linux-arm64-gnu@1.3.70",
          "@swc/core-linux-arm64-musl": "@swc/core-linux-arm64-musl@1.3.70",
          "@swc/core-linux-x64-gnu": "@swc/core-linux-x64-gnu@1.3.70",
          "@swc/core-linux-x64-musl": "@swc/core-linux-x64-musl@1.3.70",
          "@swc/core-win32-arm64-msvc": "@swc/core-win32-arm64-msvc@1.3.70",
          "@swc/core-win32-ia32-msvc": "@swc/core-win32-ia32-msvc@1.3.70",
          "@swc/core-win32-x64-msvc": "@swc/core-win32-x64-msvc@1.3.70"
        }
      },
      "css.escape@1.5.1": {
        "integrity": "sha512-YUifsXXuknHlUsmlgyY0PKzgPOr7/FjCePfHNt0jxm83wHZi44VDMQ7/fGNkjY3/jV1MC+1CmZbaHzugyeRtpg==",
        "dependencies": {}
      },
      "entities@4.5.0": {
        "integrity": "sha512-V0hjH4dGPh9Ao5p0MoRY6BVqtwCjhz6vI5LT8AJ55H+4g9/4vbHx1I54fS0XuclLhDHArPQCiMjDxjaL8fPxhw==",
        "dependencies": {}
      },
      "estree-walker@2.0.2": {
        "integrity": "sha512-Rfkk/Mp/DL7JVje3u18FxFujQlTNR2q6QfMSMB7AvCBx91NGj/ba3kCfza0f6dVDbw7YlRf/nDrn7pQrCCyQ/w==",
        "dependencies": {}
      },
      "fsevents@2.3.2": {
        "integrity": "sha512-xiqMQR4xAeHTuB9uWm+fFRcIOgKBMiOBP+eXiyT7jsgVCq1bkVygt00oASowB7EdtpOHaaPgKt812P9ab+DDKA==",
        "dependencies": {}
      },
      "get-tsconfig@4.6.2": {
        "integrity": "sha512-E5XrT4CbbXcXWy+1jChlZmrmCwd5KGx502kDCXJJ7y898TtWW9FwoG5HfOLVRKmlmDGkWN2HM9Ho+/Y8F0sJDg==",
        "dependencies": {
          "resolve-pkg-maps": "resolve-pkg-maps@1.0.0"
        }
      },
      "happy-dom@10.5.2": {
        "integrity": "sha512-dTA1cDcLOPIkAdykLd9Wo1k8Ly36Hh2OdKGkWEHWuAHb89KcVVRLSj1OFev7ir90xhRLSGCGrEdDvS6u9l13kg==",
        "dependencies": {
          "css.escape": "css.escape@1.5.1",
          "entities": "entities@4.5.0",
          "iconv-lite": "iconv-lite@0.6.3",
          "webidl-conversions": "webidl-conversions@7.0.0",
          "whatwg-encoding": "whatwg-encoding@2.0.0",
          "whatwg-mimetype": "whatwg-mimetype@3.0.0"
        }
      },
      "iconv-lite@0.6.3": {
        "integrity": "sha512-4fCk79wshMdzMp2rH06qWrJE4iolqLhCUH+OiuIgU++RB0+94NlDL81atO7GX55uUKueo0txHNtvEyI6D7WdMw==",
        "dependencies": {
          "safer-buffer": "safer-buffer@2.1.2"
        }
      },
      "picomatch@2.3.1": {
        "integrity": "sha512-JU3teHTNjmE2VCGFzuY8EXzCDVwEqB2a8fsIvwaStHhAWJEeVd1o1QD80CU6+ZdEXXSLbSsuLwJjkCBWqRQUVA==",
        "dependencies": {}
      },
      "resolve-pkg-maps@1.0.0": {
        "integrity": "sha512-seS2Tj26TBVOC2NIc2rOe2y2ZO7efxITtLZcGSOnHHNOQ7CkiUBfw0Iw2ck6xkIhPwLhKNLS8BO+hEpngQlqzw==",
        "dependencies": {}
      },
      "rollup-plugin-swc3@0.9.1_@swc+core@1.3.70_rollup@3.26.3": {
        "integrity": "sha512-vEWpSOmWHfgNANgZ4a1+KAH8fhwfgSXAwOsIC8d3Spj0Th9PkMxREhurXkmCqLYqX5vXi2cW4MUG+cSGIhtyyg==",
        "dependencies": {
          "@fastify/deepmerge": "@fastify/deepmerge@1.3.0",
          "@rollup/pluginutils": "@rollup/pluginutils@4.2.1",
          "@swc/core": "@swc/core@1.3.70",
          "get-tsconfig": "get-tsconfig@4.6.2",
          "rollup": "rollup@3.26.3",
          "rollup-swc-preserve-directives": "rollup-swc-preserve-directives@0.3.1_@swc+core@1.3.70_rollup@3.26.3"
        }
      },
      "rollup-swc-preserve-directives@0.3.1_@swc+core@1.3.70_rollup@3.26.3": {
        "integrity": "sha512-bQvf3ROvWSQr8nj+6sz5Dix2BOBYrGfy9GXz6BFsP701GwmYEc2MKi6IFA5/7+4GLTSYWEfh1jE67VJmZ5842w==",
        "dependencies": {
          "@napi-rs/magic-string": "@napi-rs/magic-string@0.3.4",
          "@swc/core": "@swc/core@1.3.70",
          "rollup": "rollup@3.26.3"
        }
      },
      "rollup@3.26.3": {
        "integrity": "sha512-7Tin0C8l86TkpcMtXvQu6saWH93nhG3dGQ1/+l5V2TDMceTxO7kDiK6GzbfLWNNxqJXm591PcEZUozZm51ogwQ==",
        "dependencies": {
          "fsevents": "fsevents@2.3.2"
        }
      },
      "safer-buffer@2.1.2": {
        "integrity": "sha512-YZo3K82SD7Riyi0E1EQPojLz7kpepnSQI9IyPbHHg1XXXevb5dJI7tpyN2ADxGcQbHG7vcyRHk0cbwqcQriUtg==",
        "dependencies": {}
      },
      "webidl-conversions@7.0.0": {
        "integrity": "sha512-VwddBukDzu71offAQR975unBIGqfKZpM+8ZX6ySk8nYhVoo5CYaZyzt3YBvYtRtO+aoGlqxPg/B87NGVZ/fu6g==",
        "dependencies": {}
      },
      "whatwg-encoding@2.0.0": {
        "integrity": "sha512-p41ogyeMUrw3jWclHWTQg1k05DSVXPLcVxRTYsXUk+ZooOCZLcoYgPZ/HL/D/N+uQPOtcp1me1WhBEaX02mhWg==",
        "dependencies": {
          "iconv-lite": "iconv-lite@0.6.3"
        }
      },
      "whatwg-mimetype@3.0.0": {
        "integrity": "sha512-nt+N2dzIutVRxARx1nghPKGv1xHikU7HKdfafKkLNLindmPU/ch3U31NOCGGA/dmPcmb1VlofO0vnKAcsm0o/Q==",
        "dependencies": {}
      }
    }
  }
}
