{
  "version": "3",
  "packages": {
    "specifiers": {
      "npm:@biomejs/biome": "npm:@biomejs/biome@1.2.2",
      "npm:@happy-dom/global-registrator": "npm:@happy-dom/global-registrator@12.9.0",
      "npm:esbuild-wasm": "npm:esbuild-wasm@0.19.4"
    },
    "npm": {
      "@biomejs/biome@1.2.2": {
        "integrity": "sha512-fXwXi56ZdaKO/N3rTmhWw41UxstoviODk+wia4WWNSlm23r8xJ/NxjaZ88scV2IsmsFHqc8rmwb2dkrStAdIEw==",
        "dependencies": {
          "@biomejs/cli-darwin-arm64": "@biomejs/cli-darwin-arm64@1.2.2",
          "@biomejs/cli-darwin-x64": "@biomejs/cli-darwin-x64@1.2.2",
          "@biomejs/cli-linux-arm64": "@biomejs/cli-linux-arm64@1.2.2",
          "@biomejs/cli-linux-x64": "@biomejs/cli-linux-x64@1.2.2",
          "@biomejs/cli-win32-arm64": "@biomejs/cli-win32-arm64@1.2.2",
          "@biomejs/cli-win32-x64": "@biomejs/cli-win32-x64@1.2.2"
        }
      },
      "@biomejs/cli-darwin-arm64@1.2.2": {
        "integrity": "sha512-Fx1IURKhoqH6wPawtKLT6wcfMSjRRcNK8+VWau0iDOjXvNtjJpSmICbU89B7Vt/gZRwPqkfDMBkFwm6V5vFTSQ==",
        "dependencies": {}
      },
      "@biomejs/cli-darwin-x64@1.2.2": {
        "integrity": "sha512-JNaAFOI/ZisnmzvcFNd73geJxaFaN2L4YsWM6cgBeKyLY/ycl9C/PBTFfEmeB1c7f5XIIal8P2cj47kLJpN5Ig==",
        "dependencies": {}
      },
      "@biomejs/cli-linux-arm64@1.2.2": {
        "integrity": "sha512-JHXRnfhOLx8UO/Fcyn2c5pFRri0XKqRZm2wf5oH5GSfLVpckDw2X15dYGbu3nmfM/3pcAaTV46pUpjrCnaAieg==",
        "dependencies": {}
      },
      "@biomejs/cli-linux-x64@1.2.2": {
        "integrity": "sha512-5Zr+iM7lUKsw81p9PkXRESuH2/AhRZ6RCWkgE+FSLcxMhXy/4RDR+o2YQDsJM6cWKIzOJM05vDHTGrDq7vXE4A==",
        "dependencies": {}
      },
      "@biomejs/cli-win32-arm64@1.2.2": {
        "integrity": "sha512-HvUcG2p++RvYP0zfOqh+DgiUUH+JI/uETr0kzWlOJ9F3lsG525pkywg4RSd4OvJd7Wpd3wt3UpN/A4IEJaVmbA==",
        "dependencies": {}
      },
      "@biomejs/cli-win32-x64@1.2.2": {
        "integrity": "sha512-bfaFJwqJ9ApFga2o88OaROSd3pasYRzRGXHJWAE9VUUKdSNSTYxHOqVrNvV54yYPtL6Kt9xkuZa4HNu9it3TaA==",
        "dependencies": {}
      },
      "@happy-dom/global-registrator@12.9.0": {
        "integrity": "sha512-QjbDyq4MV+3El5oS5P1jjF5ME1BqWyrywz7C2XYaekzGuHHDYMlCGVIGQJ3UNSxz4dJP2qFk8tBTs2oFFPuPQg==",
        "dependencies": {
          "happy-dom": "happy-dom@12.9.0"
        }
      },
      "css.escape@1.5.1": {
        "integrity": "sha512-YUifsXXuknHlUsmlgyY0PKzgPOr7/FjCePfHNt0jxm83wHZi44VDMQ7/fGNkjY3/jV1MC+1CmZbaHzugyeRtpg==",
        "dependencies": {}
      },
      "entities@4.5.0": {
        "integrity": "sha512-V0hjH4dGPh9Ao5p0MoRY6BVqtwCjhz6vI5LT8AJ55H+4g9/4vbHx1I54fS0XuclLhDHArPQCiMjDxjaL8fPxhw==",
        "dependencies": {}
      },
      "esbuild-wasm@0.19.4": {
        "integrity": "sha512-i/9KP80bdGhWBvYjAJd8u3cwMvaAdBeuSwKcAJ2tfsMkS1q4ZqB0wecc3lELJC/pg7rysx21uw1JofkYLuexrg==",
        "dependencies": {}
      },
      "happy-dom@12.9.0": {
        "integrity": "sha512-Ap/bcno2k5316FYDqBJ2i0O1zS78W1jsNR4F/p2t3zdNoa+2H0k851RGef4STfIKdTwcQ/nk5Tx9d5BzQXfTrw==",
        "dependencies": {
          "css.escape": "css.escape@1.5.1",
          "entities": "entities@4.5.0",
          "iconv-lite": "iconv-lite@0.6.3",
          "webidl-conversions": "webidl-conversions@7.0.0",
          "whatwg-encoding": "whatwg-encoding@2.0.0",
          "whatwg-mimetype": "whatwg-mimetype@3.0.0"
        }
      },
      "iconv-lite@0.6.3": {
        "integrity": "sha512-4fCk79wshMdzMp2rH06qWrJE4iolqLhCUH+OiuIgU++RB0+94NlDL81atO7GX55uUKueo0txHNtvEyI6D7WdMw==",
        "dependencies": {
          "safer-buffer": "safer-buffer@2.1.2"
        }
      },
      "safer-buffer@2.1.2": {
        "integrity": "sha512-YZo3K82SD7Riyi0E1EQPojLz7kpepnSQI9IyPbHHg1XXXevb5dJI7tpyN2ADxGcQbHG7vcyRHk0cbwqcQriUtg==",
        "dependencies": {}
      },
      "webidl-conversions@7.0.0": {
        "integrity": "sha512-VwddBukDzu71offAQR975unBIGqfKZpM+8ZX6ySk8nYhVoo5CYaZyzt3YBvYtRtO+aoGlqxPg/B87NGVZ/fu6g==",
        "dependencies": {}
      },
      "whatwg-encoding@2.0.0": {
        "integrity": "sha512-p41ogyeMUrw3jWclHWTQg1k05DSVXPLcVxRTYsXUk+ZooOCZLcoYgPZ/HL/D/N+uQPOtcp1me1WhBEaX02mhWg==",
        "dependencies": {
          "iconv-lite": "iconv-lite@0.6.3"
        }
      },
      "whatwg-mimetype@3.0.0": {
        "integrity": "sha512-nt+N2dzIutVRxARx1nghPKGv1xHikU7HKdfafKkLNLindmPU/ch3U31NOCGGA/dmPcmb1VlofO0vnKAcsm0o/Q==",
        "dependencies": {}
      }
    }
  },
  "remote": {
    "https://deno.land/std@0.203.0/assert/_constants.ts": "8a9da298c26750b28b326b297316cdde860bc237533b07e1337c021379e6b2a9",
    "https://deno.land/std@0.203.0/assert/_diff.ts": "1a3c044aedf77647d6cac86b798c6417603361b66b54c53331b312caeb447aea",
    "https://deno.land/std@0.203.0/assert/_format.ts": "a69126e8a469009adf4cf2a50af889aca364c349797e63174884a52ff75cf4c7",
    "https://deno.land/std@0.203.0/assert/assert_equals.ts": "d8ec8a22447fbaf2fc9d7c3ed2e66790fdb74beae3e482855d75782218d68227",
    "https://deno.land/std@0.203.0/assert/assertion_error.ts": "4d0bde9b374dfbcbe8ac23f54f567b77024fb67dbb1906a852d67fe050d42f56",
    "https://deno.land/std@0.203.0/assert/equal.ts": "9f1a46d5993966d2596c44e5858eec821859b45f783a5ee2f7a695dfc12d8ece",
    "https://deno.land/std@0.203.0/async/delay.ts": "a6142eb44cdd856b645086af2b811b1fcce08ec06bb7d50969e6a872ee9b8659",
    "https://deno.land/std@0.203.0/fmt/colors.ts": "c51c4642678eb690dcf5ffee5918b675bf01a33fba82acf303701ae1a4f8c8d9",
    "https://deno.land/std@0.203.0/testing/_test_suite.ts": "30f018feeb3835f12ab198d8a518f9089b1bcb2e8c838a8b615ab10d5005465c",
    "https://deno.land/std@0.203.0/testing/bdd.ts": "3f446df5ef8e856a869e8eec54c8482590415741ff0b6358a00c43486cc15769",
    "https://esm.sh/v132/@jridgewell/resolve-uri@3.1.1/denonext/resolve-uri.bundle.mjs": "279236eb66b8a7f3dc3e62c01eb3fe6193a0f1459f87749be546a848d663e74d",
    "https://esm.sh/v132/@jridgewell/resolve-uri@3.1.1?bundle": "08358ab1e15047014cf97275720b4f6c1c9666d8b9123ef9b2dbefed54401ceb",
    "https://esm.sh/v132/fetch-mock@9.11.0/denonext/esm/client.bundle.js": "733d96fab847969631d5c5cc1173bbca7824d3dc1e918e6697ba78a32c4e215c",
    "https://esm.sh/v132/fetch-mock@9.11.0/esm/client.js?target=denonext&bundle": "d10b6ec667c6cc480d0d0c61b13f68526fd3d449df9ed081e67a3a194af547b1",
    "https://esm.sh/v132/fflate@0.8.0": "50c1ea0dffc295f1426f31c94cd8d84266ac0508799af14a175289e3e9c69b1f",
    "https://esm.sh/v132/fflate@0.8.0/denonext/fflate.mjs": "2792676fe3ccd7b23597f69e7601ef914ccf1883465609ae2788d5dd75548937",
    "https://esm.sh/v132/rollup@3.29.4/denonext/rollup.bundle.mjs": "98f0918f2bfd9ae488ee90ae27aec98ee87f1b166b5de6d5d7bd4bef995b809d",
    "https://esm.sh/v132/rollup@3.29.4?bundle": "3933628a621c624542733136636f7671bf076d356e2cc123ecf9203763eea7c4",
    "https://esm.sh/v132/terser@5.21.0/denonext/terser.bundle.mjs": "753bc447ff4cbbcaee9ec5bfa3dbdc85747aa4213b9379f44d56243948b6f1d3",
    "https://esm.sh/v132/terser@5.21.0?bundle": "340b64d6736acfc4269abd4bd378eb26ed825d113c2e05a0e05c0063773bd63b"
  }
}
